
Microsoft Visual Studio Solution File, Format Version 12.00
# Visual Studio Version 17
VisualStudioVersion = 17.14.36212.18 d17.14
MinimumVisualStudioVersion = 10.0.40219.1
Project("{FAE04EC0-301F-11D3-BF4B-00C04F79EFBC}") = "Contador de números en lista", "Contador de números en lista.csproj", "{D25AAB16-E455-4DE4-BFC1-12E200B267EC}"
EndProject
Global
	GlobalSection(SolutionConfigurationPlatforms) = preSolution
		Debug|Any CPU = Debug|Any CPU
		Release|Any CPU = Release|Any CPU
	EndGlobalSection
	GlobalSection(ProjectConfigurationPlatforms) = postSolution
		{D25AAB16-E455-4DE4-BFC1-12E200B267EC}.Debug|Any CPU.ActiveCfg = Debug|Any CPU
		{D25AAB16-E455-4DE4-BFC1-12E200B267EC}.Debug|Any CPU.Build.0 = Debug|Any CPU
		{D25AAB16-E455-4DE4-BFC1-12E200B267EC}.Release|Any CPU.ActiveCfg = Release|Any CPU
		{D25AAB16-E455-4DE4-BFC1-12E200B267EC}.Release|Any CPU.Build.0 = Release|Any CPU
	EndGlobalSection
	GlobalSection(SolutionProperties) = preSolution
		HideSolutionNode = FALSE
	EndGlobalSection
	GlobalSection(ExtensibilityGlobals) = postSolution
		SolutionGuid = {623B9C20-B058-4710-89DD-C26D799EA1F7}
	EndGlobalSection
EndGlobal
