
Microsoft Visual Studio Solution File, Format Version 12.00
# Visual Studio Version 17
VisualStudioVersion = 17.14.36212.18 d17.14
MinimumVisualStudioVersion = 10.0.40219.1
Project("{FAE04EC0-301F-11D3-BF4B-00C04F79EFBC}") = "Almacen de numeros inversos", "Almacen de numeros inversos.csproj", "{7A7F4BB8-3B1E-469D-B960-1F9AE025BAF8}"
EndProject
Global
	GlobalSection(SolutionConfigurationPlatforms) = preSolution
		Debug|Any CPU = Debug|Any CPU
		Release|Any CPU = Release|Any CPU
	EndGlobalSection
	GlobalSection(ProjectConfigurationPlatforms) = postSolution
		{7A7F4BB8-3B1E-469D-B960-1F9AE025BAF8}.Debug|Any CPU.ActiveCfg = Debug|Any CPU
		{7A7F4BB8-3B1E-469D-B960-1F9AE025BAF8}.Debug|Any CPU.Build.0 = Debug|Any CPU
		{7A7F4BB8-3B1E-469D-B960-1F9AE025BAF8}.Release|Any CPU.ActiveCfg = Release|Any CPU
		{7A7F4BB8-3B1E-469D-B960-1F9AE025BAF8}.Release|Any CPU.Build.0 = Release|Any CPU
	EndGlobalSection
	GlobalSection(SolutionProperties) = preSolution
		HideSolutionNode = FALSE
	EndGlobalSection
	GlobalSection(ExtensibilityGlobals) = postSolution
		SolutionGuid = {55284344-7D64-4DCA-B64D-5EB34CC76958}
	EndGlobalSection
EndGlobal
