
Microsoft Visual Studio Solution File, Format Version 12.00
# Visual Studio Version 17
VisualStudioVersion = 17.14.36212.18 d17.14
MinimumVisualStudioVersion = 10.0.40219.1
Project("{FAE04EC0-301F-11D3-BF4B-00C04F79EFBC}") = "Semana 11 - Diccionarios", "Semana 11 - Diccionarios.csproj", "{DB50989F-7EB0-42C4-95D7-B08A5E35C7E3}"
EndProject
Global
	GlobalSection(SolutionConfigurationPlatforms) = preSolution
		Debug|Any CPU = Debug|Any CPU
		Release|Any CPU = Release|Any CPU
	EndGlobalSection
	GlobalSection(ProjectConfigurationPlatforms) = postSolution
		{DB50989F-7EB0-42C4-95D7-B08A5E35C7E3}.Debug|Any CPU.ActiveCfg = Debug|Any CPU
		{DB50989F-7EB0-42C4-95D7-B08A5E35C7E3}.Debug|Any CPU.Build.0 = Debug|Any CPU
		{DB50989F-7EB0-42C4-95D7-B08A5E35C7E3}.Release|Any CPU.ActiveCfg = Release|Any CPU
		{DB50989F-7EB0-42C4-95D7-B08A5E35C7E3}.Release|Any CPU.Build.0 = Release|Any CPU
	EndGlobalSection
	GlobalSection(SolutionProperties) = preSolution
		HideSolutionNode = FALSE
	EndGlobalSection
	GlobalSection(ExtensibilityGlobals) = postSolution
		SolutionGuid = {C271DAE1-02A5-429E-9C06-49226DCE18FA}
	EndGlobalSection
EndGlobal
