
Microsoft Visual Studio Solution File, Format Version 12.00
# Visual Studio Version 17
VisualStudioVersion = 17.14.36212.18 d17.14
MinimumVisualStudioVersion = 10.0.40219.1
Project("{FAE04EC0-301F-11D3-BF4B-00C04F79EFBC}") = "Número de elementos de una lista", "Número de elementos de una lista.csproj", "{D85DF4FD-1D3A-4FC7-B9D4-E831A8C49AD7}"
EndProject
Global
	GlobalSection(SolutionConfigurationPlatforms) = preSolution
		Debug|Any CPU = Debug|Any CPU
		Release|Any CPU = Release|Any CPU
	EndGlobalSection
	GlobalSection(ProjectConfigurationPlatforms) = postSolution
		{D85DF4FD-1D3A-4FC7-B9D4-E831A8C49AD7}.Debug|Any CPU.ActiveCfg = Debug|Any CPU
		{D85DF4FD-1D3A-4FC7-B9D4-E831A8C49AD7}.Debug|Any CPU.Build.0 = Debug|Any CPU
		{D85DF4FD-1D3A-4FC7-B9D4-E831A8C49AD7}.Release|Any CPU.ActiveCfg = Release|Any CPU
		{D85DF4FD-1D3A-4FC7-B9D4-E831A8C49AD7}.Release|Any CPU.Build.0 = Release|Any CPU
	EndGlobalSection
	GlobalSection(SolutionProperties) = preSolution
		HideSolutionNode = FALSE
	EndGlobalSection
	GlobalSection(ExtensibilityGlobals) = postSolution
		SolutionGuid = {67CF2218-FB03-471C-AFB5-A4D09C58CFF0}
	EndGlobalSection
EndGlobal
